
Microsoft Visual Studio Solution File, Format Version 12.00
# Visual Studio Version 17
VisualStudioVersion = 17.6.33723.286
MinimumVisualStudioVersion = 10.0.40219.1
Project("{FAE04EC0-301F-11D3-BF4B-00C04F79EFBC}") = "HT13T1", "HT13T1\HT13T1.csproj", "{7980A72A-C322-4A8F-AA2A-52476F18AC1C}"
EndProject
Global
	GlobalSection(SolutionConfigurationPlatforms) = preSolution
		Debug|Any CPU = Debug|Any CPU
		Release|Any CPU = Release|Any CPU
	EndGlobalSection
	GlobalSection(ProjectConfigurationPlatforms) = postSolution
		{7980A72A-C322-4A8F-AA2A-52476F18AC1C}.Debug|Any CPU.ActiveCfg = Debug|Any CPU
		{7980A72A-C322-4A8F-AA2A-52476F18AC1C}.Debug|Any CPU.Build.0 = Debug|Any CPU
		{7980A72A-C322-4A8F-AA2A-52476F18AC1C}.Release|Any CPU.ActiveCfg = Release|Any CPU
		{7980A72A-C322-4A8F-AA2A-52476F18AC1C}.Release|Any CPU.Build.0 = Release|Any CPU
	EndGlobalSection
	GlobalSection(SolutionProperties) = preSolution
		HideSolutionNode = FALSE
	EndGlobalSection
	GlobalSection(ExtensibilityGlobals) = postSolution
		SolutionGuid = {B240A897-5E81-4036-818B-0541587AC77F}
	EndGlobalSection
EndGlobal
