
Microsoft Visual Studio Solution File, Format Version 12.00
# Visual Studio Version 17
VisualStudioVersion = 17.6.33723.286
MinimumVisualStudioVersion = 10.0.40219.1
Project("{9A19103F-16F7-4668-BE54-9A1E7A4F7556}") = "HT13T1", "HT13T1\HT13T1.csproj", "{7980A72A-C322-4A8F-AA2A-52476F18AC1C}"
EndProject
Project("{2150E333-8FDC-42A3-9474-1A3956D46DE8}") = "lesson-13", "lesson-13", "{E41203CE-6045-48FA-A72C-B33C66287F4E}"
EndProject
Project("{9A19103F-16F7-4668-BE54-9A1E7A4F7556}") = "N13-HT2", "N13-HT2\N13-HT2.csproj", "{C26DB14B-A573-451B-A775-C0959B4B5E51}"
EndProject
Project("{2150E333-8FDC-42A3-9474-1A3956D46DE8}") = "NewFolder1", "NewFolder1", "{89071E82-61CD-4A54-8BE3-9397A7E6DD86}"
EndProject
Project("{2150E333-8FDC-42A3-9474-1A3956D46DE8}") = "lesson-12", "lesson-12", "{9999C9B8-6611-4524-9EF7-3BB606C9E79B}"
EndProject
Project("{9A19103F-16F7-4668-BE54-9A1E7A4F7556}") = "lesson-12H1", "lesson-12H1\lesson-12H1.csproj", "{D53364A3-725F-45E7-8ABB-D90612BEDBBD}"
EndProject
Project("{2150E333-8FDC-42A3-9474-1A3956D46DE8}") = "lesson-14", "lesson-14", "{483D6ED7-854F-4878-B54E-B26A4543B51F}"
EndProject
Project("{9A19103F-16F7-4668-BE54-9A1E7A4F7556}") = "lesson-14", "lesson-14\lesson-14.csproj", "{966C4A38-535E-4DC7-9939-1C8DDD5D89D8}"
EndProject
Project("{9A19103F-16F7-4668-BE54-9A1E7A4F7556}") = "lesson-14-T2", "lesson-14-T2\lesson-14-T2.csproj", "{4B480B8C-CC2B-47FD-95CE-9C02D4ECB09D}"
EndProject
Project("{9A19103F-16F7-4668-BE54-9A1E7A4F7556}") = "lesson14-H1", "lesson14-H1\lesson14-H1.csproj", "{1F1B7455-C447-43E1-AC7C-970A999D1CC7}"
EndProject
Project("{2150E333-8FDC-42A3-9474-1A3956D46DE8}") = "lesson-15-uchburchak", "lesson-15-uchburchak", "{2036B63F-4E59-440C-B2EA-6BE23D6A9BAD}"
EndProject
Project("{9A19103F-16F7-4668-BE54-9A1E7A4F7556}") = "shakllar", "Uchburchak\shakllar.csproj", "{1D967FF8-5056-4CF4-A4E3-7AABC84F34C4}"
EndProject
Project("{2150E333-8FDC-42A3-9474-1A3956D46DE8}") = "NewFolder1", "NewFolder1", "{4E39D37A-7922-47E3-A62D-57B6F59423C1}"
EndProject
Project("{9A19103F-16F7-4668-BE54-9A1E7A4F7556}") = "lesson15-H1", "lesson15-H1\lesson15-H1.csproj", "{02DBEDB8-11DE-4C8E-B5F3-DFE1229BA66C}"
EndProject
Project("{2150E333-8FDC-42A3-9474-1A3956D46DE8}") = "NewFolder1", "NewFolder1", "{FF318314-D544-44AA-AAC2-2CD440610601}"
EndProject
Project("{2150E333-8FDC-42A3-9474-1A3956D46DE8}") = "Lesson-16-T1", "Lesson-16-T1", "{51DB9C0E-A818-41D6-BEFD-BB0B764EA74D}"
EndProject
Project("{9A19103F-16F7-4668-BE54-9A1E7A4F7556}") = "ConsoleApp1", "ConsoleApp1\ConsoleApp1.csproj", "{33D30926-70D7-42A2-B76D-E42339E40FF3}"
EndProject
Project("{9A19103F-16F7-4668-BE54-9A1E7A4F7556}") = "lesson-16-HT1", "lesson-16-HT1\lesson-16-HT1.csproj", "{685B0B04-DF2B-4F59-BFB2-FB39506F179C}"
EndProject
Project("{2150E333-8FDC-42A3-9474-1A3956D46DE8}") = "lesson-17", "lesson-17", "{D65C0DB9-E4E2-47DA-9F74-5507BD1FBC51}"
EndProject
Project("{9A19103F-16F7-4668-BE54-9A1E7A4F7556}") = "Lesson-17-T1", "Lesson-17-T1\Lesson-17-T1.csproj", "{D73E7FDC-3854-41FF-9C3A-DAE4DF972F4F}"
EndProject
Project("{9A19103F-16F7-4668-BE54-9A1E7A4F7556}") = "Tasks-Cars", "Tasks-Cars\Tasks-Cars.csproj", "{D8D5E0D0-019C-441C-96CB-40F583832C59}"
EndProject
Project("{9A19103F-16F7-4668-BE54-9A1E7A4F7556}") = "cars", "cars\cars.csproj", "{4C65A888-7E44-4F2D-921B-35A659BF889F}"
EndProject
Project("{2150E333-8FDC-42A3-9474-1A3956D46DE8}") = "NewFolder1 (2)", "NewFolder1 (2)", "{F72E7578-644B-496B-A79C-815DD331034C}"
EndProject
Project("{2150E333-8FDC-42A3-9474-1A3956D46DE8}") = "Lesson18-T1", "Lesson18-T1", "{7EB724F3-4A59-47D1-A6F2-D6936CFE6C46}"
EndProject
Project("{9A19103F-16F7-4668-BE54-9A1E7A4F7556}") = "PersonTasks", "PersonTasks\PersonTasks.csproj", "{DDFCF04E-B62B-4258-833E-35408ED7BB3E}"
EndProject
Project("{FAE04EC0-301F-11D3-BF4B-00C04F79EFBC}") = "imtihon", "imtihon\imtihon.csproj", "{E882CB4F-EBF5-410B-9D09-5DF6663888EF}"
EndProject
Global
	GlobalSection(SolutionConfigurationPlatforms) = preSolution
		Debug|Any CPU = Debug|Any CPU
		Release|Any CPU = Release|Any CPU
	EndGlobalSection
	GlobalSection(ProjectConfigurationPlatforms) = postSolution
		{7980A72A-C322-4A8F-AA2A-52476F18AC1C}.Debug|Any CPU.ActiveCfg = Debug|Any CPU
		{7980A72A-C322-4A8F-AA2A-52476F18AC1C}.Debug|Any CPU.Build.0 = Debug|Any CPU
		{7980A72A-C322-4A8F-AA2A-52476F18AC1C}.Release|Any CPU.ActiveCfg = Release|Any CPU
		{7980A72A-C322-4A8F-AA2A-52476F18AC1C}.Release|Any CPU.Build.0 = Release|Any CPU
		{C26DB14B-A573-451B-A775-C0959B4B5E51}.Debug|Any CPU.ActiveCfg = Debug|Any CPU
		{C26DB14B-A573-451B-A775-C0959B4B5E51}.Debug|Any CPU.Build.0 = Debug|Any CPU
		{C26DB14B-A573-451B-A775-C0959B4B5E51}.Release|Any CPU.ActiveCfg = Release|Any CPU
		{C26DB14B-A573-451B-A775-C0959B4B5E51}.Release|Any CPU.Build.0 = Release|Any CPU
		{D53364A3-725F-45E7-8ABB-D90612BEDBBD}.Debug|Any CPU.ActiveCfg = Debug|Any CPU
		{D53364A3-725F-45E7-8ABB-D90612BEDBBD}.Debug|Any CPU.Build.0 = Debug|Any CPU
		{D53364A3-725F-45E7-8ABB-D90612BEDBBD}.Release|Any CPU.ActiveCfg = Release|Any CPU
		{D53364A3-725F-45E7-8ABB-D90612BEDBBD}.Release|Any CPU.Build.0 = Release|Any CPU
		{966C4A38-535E-4DC7-9939-1C8DDD5D89D8}.Debug|Any CPU.ActiveCfg = Debug|Any CPU
		{966C4A38-535E-4DC7-9939-1C8DDD5D89D8}.Debug|Any CPU.Build.0 = Debug|Any CPU
		{966C4A38-535E-4DC7-9939-1C8DDD5D89D8}.Release|Any CPU.ActiveCfg = Release|Any CPU
		{966C4A38-535E-4DC7-9939-1C8DDD5D89D8}.Release|Any CPU.Build.0 = Release|Any CPU
		{4B480B8C-CC2B-47FD-95CE-9C02D4ECB09D}.Debug|Any CPU.ActiveCfg = Debug|Any CPU
		{4B480B8C-CC2B-47FD-95CE-9C02D4ECB09D}.Debug|Any CPU.Build.0 = Debug|Any CPU
		{4B480B8C-CC2B-47FD-95CE-9C02D4ECB09D}.Release|Any CPU.ActiveCfg = Release|Any CPU
		{4B480B8C-CC2B-47FD-95CE-9C02D4ECB09D}.Release|Any CPU.Build.0 = Release|Any CPU
		{1F1B7455-C447-43E1-AC7C-970A999D1CC7}.Debug|Any CPU.ActiveCfg = Debug|Any CPU
		{1F1B7455-C447-43E1-AC7C-970A999D1CC7}.Debug|Any CPU.Build.0 = Debug|Any CPU
		{1F1B7455-C447-43E1-AC7C-970A999D1CC7}.Release|Any CPU.ActiveCfg = Release|Any CPU
		{1F1B7455-C447-43E1-AC7C-970A999D1CC7}.Release|Any CPU.Build.0 = Release|Any CPU
		{1D967FF8-5056-4CF4-A4E3-7AABC84F34C4}.Debug|Any CPU.ActiveCfg = Debug|Any CPU
		{1D967FF8-5056-4CF4-A4E3-7AABC84F34C4}.Debug|Any CPU.Build.0 = Debug|Any CPU
		{1D967FF8-5056-4CF4-A4E3-7AABC84F34C4}.Release|Any CPU.ActiveCfg = Release|Any CPU
		{1D967FF8-5056-4CF4-A4E3-7AABC84F34C4}.Release|Any CPU.Build.0 = Release|Any CPU
		{02DBEDB8-11DE-4C8E-B5F3-DFE1229BA66C}.Debug|Any CPU.ActiveCfg = Debug|Any CPU
		{02DBEDB8-11DE-4C8E-B5F3-DFE1229BA66C}.Debug|Any CPU.Build.0 = Debug|Any CPU
		{02DBEDB8-11DE-4C8E-B5F3-DFE1229BA66C}.Release|Any CPU.ActiveCfg = Release|Any CPU
		{02DBEDB8-11DE-4C8E-B5F3-DFE1229BA66C}.Release|Any CPU.Build.0 = Release|Any CPU
		{33D30926-70D7-42A2-B76D-E42339E40FF3}.Debug|Any CPU.ActiveCfg = Debug|Any CPU
		{33D30926-70D7-42A2-B76D-E42339E40FF3}.Debug|Any CPU.Build.0 = Debug|Any CPU
		{33D30926-70D7-42A2-B76D-E42339E40FF3}.Release|Any CPU.ActiveCfg = Release|Any CPU
		{33D30926-70D7-42A2-B76D-E42339E40FF3}.Release|Any CPU.Build.0 = Release|Any CPU
		{685B0B04-DF2B-4F59-BFB2-FB39506F179C}.Debug|Any CPU.ActiveCfg = Debug|Any CPU
		{685B0B04-DF2B-4F59-BFB2-FB39506F179C}.Debug|Any CPU.Build.0 = Debug|Any CPU
		{685B0B04-DF2B-4F59-BFB2-FB39506F179C}.Release|Any CPU.ActiveCfg = Release|Any CPU
		{685B0B04-DF2B-4F59-BFB2-FB39506F179C}.Release|Any CPU.Build.0 = Release|Any CPU
		{D73E7FDC-3854-41FF-9C3A-DAE4DF972F4F}.Debug|Any CPU.ActiveCfg = Debug|Any CPU
		{D73E7FDC-3854-41FF-9C3A-DAE4DF972F4F}.Debug|Any CPU.Build.0 = Debug|Any CPU
		{D73E7FDC-3854-41FF-9C3A-DAE4DF972F4F}.Release|Any CPU.ActiveCfg = Release|Any CPU
		{D73E7FDC-3854-41FF-9C3A-DAE4DF972F4F}.Release|Any CPU.Build.0 = Release|Any CPU
		{D8D5E0D0-019C-441C-96CB-40F583832C59}.Debug|Any CPU.ActiveCfg = Debug|Any CPU
		{D8D5E0D0-019C-441C-96CB-40F583832C59}.Debug|Any CPU.Build.0 = Debug|Any CPU
		{D8D5E0D0-019C-441C-96CB-40F583832C59}.Release|Any CPU.ActiveCfg = Release|Any CPU
		{D8D5E0D0-019C-441C-96CB-40F583832C59}.Release|Any CPU.Build.0 = Release|Any CPU
		{4C65A888-7E44-4F2D-921B-35A659BF889F}.Debug|Any CPU.ActiveCfg = Debug|Any CPU
		{4C65A888-7E44-4F2D-921B-35A659BF889F}.Debug|Any CPU.Build.0 = Debug|Any CPU
		{4C65A888-7E44-4F2D-921B-35A659BF889F}.Release|Any CPU.ActiveCfg = Release|Any CPU
		{4C65A888-7E44-4F2D-921B-35A659BF889F}.Release|Any CPU.Build.0 = Release|Any CPU
		{DDFCF04E-B62B-4258-833E-35408ED7BB3E}.Debug|Any CPU.ActiveCfg = Debug|Any CPU
		{DDFCF04E-B62B-4258-833E-35408ED7BB3E}.Debug|Any CPU.Build.0 = Debug|Any CPU
		{DDFCF04E-B62B-4258-833E-35408ED7BB3E}.Release|Any CPU.ActiveCfg = Release|Any CPU
		{DDFCF04E-B62B-4258-833E-35408ED7BB3E}.Release|Any CPU.Build.0 = Release|Any CPU
		{E882CB4F-EBF5-410B-9D09-5DF6663888EF}.Debug|Any CPU.ActiveCfg = Debug|Any CPU
		{E882CB4F-EBF5-410B-9D09-5DF6663888EF}.Debug|Any CPU.Build.0 = Debug|Any CPU
		{E882CB4F-EBF5-410B-9D09-5DF6663888EF}.Release|Any CPU.ActiveCfg = Release|Any CPU
		{E882CB4F-EBF5-410B-9D09-5DF6663888EF}.Release|Any CPU.Build.0 = Release|Any CPU
	EndGlobalSection
	GlobalSection(SolutionProperties) = preSolution
		HideSolutionNode = FALSE
	EndGlobalSection
	GlobalSection(NestedProjects) = preSolution
		{7980A72A-C322-4A8F-AA2A-52476F18AC1C} = {E41203CE-6045-48FA-A72C-B33C66287F4E}
		{C26DB14B-A573-451B-A775-C0959B4B5E51} = {E41203CE-6045-48FA-A72C-B33C66287F4E}
		{89071E82-61CD-4A54-8BE3-9397A7E6DD86} = {E41203CE-6045-48FA-A72C-B33C66287F4E}
		{D53364A3-725F-45E7-8ABB-D90612BEDBBD} = {9999C9B8-6611-4524-9EF7-3BB606C9E79B}
		{966C4A38-535E-4DC7-9939-1C8DDD5D89D8} = {483D6ED7-854F-4878-B54E-B26A4543B51F}
		{4B480B8C-CC2B-47FD-95CE-9C02D4ECB09D} = {483D6ED7-854F-4878-B54E-B26A4543B51F}
		{1F1B7455-C447-43E1-AC7C-970A999D1CC7} = {483D6ED7-854F-4878-B54E-B26A4543B51F}
		{1D967FF8-5056-4CF4-A4E3-7AABC84F34C4} = {2036B63F-4E59-440C-B2EA-6BE23D6A9BAD}
		{4E39D37A-7922-47E3-A62D-57B6F59423C1} = {9999C9B8-6611-4524-9EF7-3BB606C9E79B}
		{02DBEDB8-11DE-4C8E-B5F3-DFE1229BA66C} = {2036B63F-4E59-440C-B2EA-6BE23D6A9BAD}
		{FF318314-D544-44AA-AAC2-2CD440610601} = {2036B63F-4E59-440C-B2EA-6BE23D6A9BAD}
		{33D30926-70D7-42A2-B76D-E42339E40FF3} = {51DB9C0E-A818-41D6-BEFD-BB0B764EA74D}
		{685B0B04-DF2B-4F59-BFB2-FB39506F179C} = {51DB9C0E-A818-41D6-BEFD-BB0B764EA74D}
		{D73E7FDC-3854-41FF-9C3A-DAE4DF972F4F} = {D65C0DB9-E4E2-47DA-9F74-5507BD1FBC51}
		{D8D5E0D0-019C-441C-96CB-40F583832C59} = {D65C0DB9-E4E2-47DA-9F74-5507BD1FBC51}
		{4C65A888-7E44-4F2D-921B-35A659BF889F} = {D65C0DB9-E4E2-47DA-9F74-5507BD1FBC51}
		{F72E7578-644B-496B-A79C-815DD331034C} = {E41203CE-6045-48FA-A72C-B33C66287F4E}
		{DDFCF04E-B62B-4258-833E-35408ED7BB3E} = {7EB724F3-4A59-47D1-A6F2-D6936CFE6C46}
	EndGlobalSection
	GlobalSection(ExtensibilityGlobals) = postSolution
		SolutionGuid = {B240A897-5E81-4036-818B-0541587AC77F}
	EndGlobalSection
EndGlobal
